{
  "nodes": {
    "externaltoolbox": {
      "inputs": {
        "nixpkgs": [
          "global-config",
          "nixpkgs"
        ],
        "utils": [
          "global-config",
          "utils"
        ]
      },
      "locked": {
        "lastModified": 1676558758,
        "narHash": "sha256-BlE161vjWudy+xKTaGm6dsXnkX1DOq1erFbX6ZI4Je4=",
        "path": "/home/luk/proj/priv/system-config-pub/flakes/externaltoolbox",
        "type": "path"
      },
      "original": {
        "dir": "flakes/externaltoolbox",
        "owner": "lucques",
        "repo": "system-config-pub",
        "type": "github"
      }
    },
    "global-config": {
      "inputs": {
        "externaltoolbox": "externaltoolbox",
        "home-manager": "home-manager",
        "keyboard-us-luckey": "keyboard-us-luckey",
        "lukesnixutils": "lukesnixutils",
        "lukestoolbox": "lukestoolbox",
        "lukestoolbox-priv": "lukestoolbox-priv",
        "nixpkgs": "nixpkgs",
        "nixpkgs-1": "nixpkgs-1",
        "nixpkgs-2": "nixpkgs-2",
        "nixpkgs-3": "nixpkgs-3",
        "system-config-priv-hm-modules": "system-config-priv-hm-modules",
        "system-config-pub-hm-modules": "system-config-pub-hm-modules",
        "utils": "utils"
      },
      "locked": {
        "lastModified": 1,
        "narHash": "sha256-lNNqhD782t5xUxUBtLwClDKyEN7GI5Jc4FCrn8WqVEw=",
        "path": "../../global-config",
        "type": "path"
      },
      "original": {
        "path": "../../global-config",
        "type": "path"
      }
    },
    "home-manager": {
      "inputs": {
        "nixpkgs": [
          "global-config",
          "nixpkgs"
        ],
        "utils": [
          "global-config",
          "utils"
        ]
      },
      "locked": {
        "lastModified": 1675247113,
        "narHash": "sha256-+YcXjfCP4hNu8A68b/UoXFCTDwKLuLV+x/7dQnM5U/o=",
        "owner": "nix-community",
        "repo": "home-manager",
        "rev": "782cb855b2f23c485011a196c593e2d7e4fce746",
        "type": "github"
      },
      "original": {
        "owner": "nix-community",
        "repo": "home-manager",
        "rev": "782cb855b2f23c485011a196c593e2d7e4fce746",
        "type": "github"
      }
    },
    "keyboard-us-luckey": {
      "inputs": {
        "nixpkgs": [
          "global-config",
          "nixpkgs"
        ],
        "utils": [
          "global-config",
          "utils"
        ]
      },
      "locked": {
        "lastModified": 1676476474,
        "narHash": "sha256-/8pOuPrCfiK9GyYj2la6Cdt88f2p0XDxiMhGWsJrguY=",
        "path": "/home/luk/proj/priv/system-config-priv/flakes/keyboard-us-luckey",
        "type": "path"
      },
      "original": {
        "owner": "divnix",
        "repo": "blank",
        "type": "github"
      }
    },
    "lukesnixutils": {
      "locked": {
        "lastModified": 1676557878,
        "narHash": "sha256-sUiQewcu28/zMOiUqhzDIojv3g3HVdHHz6gy76P7XJY=",
        "path": "/home/luk/proj/priv/system-config-pub/flakes/lukesnixutils",
        "type": "path"
      },
      "original": {
        "dir": "flakes/lukesnixutils",
        "owner": "lucques",
        "repo": "system-config-pub",
        "type": "github"
      }
    },
    "lukestoolbox": {
      "inputs": {
        "externaltoolbox": [
          "global-config",
          "externaltoolbox"
        ],
        "lukesnixutils": [
          "global-config",
          "lukesnixutils"
        ],
        "nixpkgs": [
          "global-config",
          "nixpkgs"
        ],
        "nixpkgs-1": [
          "global-config",
          "nixpkgs-1"
        ],
        "utils": [
          "global-config",
          "utils"
        ]
      },
      "locked": {
        "lastModified": 1676558765,
        "narHash": "sha256-Zd96eIRqZEnXAm3d+YyHXwgbqi8L1u1wPdJlnU7uW2U=",
        "path": "/home/luk/proj/priv/system-config-pub/flakes/lukestoolbox",
        "type": "path"
      },
      "original": {
        "dir": "flakes/lukestoolbox",
        "owner": "lucques",
        "repo": "system-config-pub",
        "type": "github"
      }
    },
    "lukestoolbox-priv": {
      "inputs": {
        "externaltoolbox": [
          "global-config",
          "externaltoolbox"
        ],
        "lukesnixutils": [
          "global-config",
          "lukesnixutils"
        ],
        "lukestoolbox": [
          "global-config",
          "lukestoolbox"
        ],
        "nixpkgs": [
          "global-config",
          "nixpkgs"
        ],
        "nixpkgs-1": [
          "global-config",
          "nixpkgs-1"
        ],
        "utils": [
          "global-config",
          "utils"
        ]
      },
      "locked": {
        "lastModified": 1676572089,
        "narHash": "sha256-78rJ4t+prxhI3MT1FAMMN7fdPnxV5OZGcqZLEo23CdQ=",
        "path": "/home/luk/proj/priv/system-config-priv/flakes/lukestoolbox-priv",
        "type": "path"
      },
      "original": {
        "owner": "divnix",
        "repo": "blank",
        "type": "github"
      }
    },
    "nixpkgs": {
      "locked": {
        "lastModified": 1675237409,
        "narHash": "sha256-6oC80Pl618S3iX7BswHDGl9vvy37esTkle+e3ri2ER4=",
        "owner": "NixOS",
        "repo": "nixpkgs",
        "rev": "c7f5909800fd2b41042f03dcdd094e45c2873999",
        "type": "github"
      },
      "original": {
        "owner": "NixOS",
        "repo": "nixpkgs",
        "rev": "c7f5909800fd2b41042f03dcdd094e45c2873999",
        "type": "github"
      }
    },
    "nixpkgs-1": {
      "locked": {
        "lastModified": 1662854568,
        "narHash": "sha256-rOrlKJt2GJqrYOzMjLYnG39bOyLndcMHKbaDJYZWXZI=",
        "owner": "NixOS",
        "repo": "nixpkgs",
        "rev": "b6caee49dcfe12caf6f5ce07cc1461ed34b8955a",
        "type": "github"
      },
      "original": {
        "owner": "NixOS",
        "repo": "nixpkgs",
        "rev": "b6caee49dcfe12caf6f5ce07cc1461ed34b8955a",
        "type": "github"
      }
    },
    "nixpkgs-2": {
      "locked": {
        "lastModified": 1669833724,
        "narHash": "sha256-/HEZNyGbnQecrgJnfE8d0WC5c1xuPSD2LUpB6YXlg4c=",
        "owner": "NixOS",
        "repo": "nixpkgs",
        "rev": "4d2b37a84fad1091b9de401eb450aae66f1a741e",
        "type": "github"
      },
      "original": {
        "owner": "NixOS",
        "repo": "nixpkgs",
        "rev": "4d2b37a84fad1091b9de401eb450aae66f1a741e",
        "type": "github"
      }
    },
    "nixpkgs-3": {
      "locked": {
        "lastModified": 1675237409,
        "narHash": "sha256-6oC80Pl618S3iX7BswHDGl9vvy37esTkle+e3ri2ER4=",
        "owner": "NixOS",
        "repo": "nixpkgs",
        "rev": "c7f5909800fd2b41042f03dcdd094e45c2873999",
        "type": "github"
      },
      "original": {
        "owner": "NixOS",
        "repo": "nixpkgs",
        "rev": "c7f5909800fd2b41042f03dcdd094e45c2873999",
        "type": "github"
      }
    },
    "root": {
      "inputs": {
        "externaltoolbox": [
          "global-config",
          "externaltoolbox"
        ],
        "global-config": "global-config",
        "home-manager": [
          "global-config",
          "home-manager"
        ],
        "keyboard-us-luckey": [
          "global-config",
          "keyboard-us-luckey"
        ],
        "lukesnixutils": [
          "global-config",
          "lukesnixutils"
        ],
        "lukestoolbox": [
          "global-config",
          "lukestoolbox"
        ],
        "lukestoolbox-priv": [
          "global-config",
          "lukestoolbox-priv"
        ],
        "nixpkgs": [
          "global-config",
          "nixpkgs"
        ],
        "nixpkgs-1": [
          "global-config",
          "nixpkgs-1"
        ],
        "nixpkgs-2": [
          "global-config",
          "nixpkgs-2"
        ],
        "system-config-priv-hm-modules": [
          "global-config",
          "system-config-priv-hm-modules"
        ],
        "system-config-pub-hm-modules": [
          "global-config",
          "system-config-pub-hm-modules"
        ],
        "utils": [
          "global-config",
          "utils"
        ]
      }
    },
    "system-config-priv-hm-modules": {
      "locked": {
        "lastModified": 1676571292,
        "narHash": "sha256-OwD/Be5GpGyLI6DQaX03+crM1k9v0l3cNqu592H34C0=",
        "path": "/home/luk/proj/priv/system-config-priv/hm-modules",
        "type": "path"
      },
      "original": {
        "owner": "divnix",
        "repo": "blank",
        "type": "github"
      }
    },
    "system-config-pub-hm-modules": {
      "locked": {
        "lastModified": 1676571035,
        "narHash": "sha256-rocW8OXztCgGSh7R6I6w4WNOjva71Ab3nUGCN0mVzA0=",
        "path": "/home/luk/proj/priv/system-config-pub/hm-modules",
        "type": "path"
      },
      "original": {
        "dir": "hm-modules",
        "owner": "lucques",
        "repo": "system-config-pub",
        "type": "github"
      }
    },
    "utils": {
      "locked": {
        "lastModified": 1667395993,
        "narHash": "sha256-nuEHfE/LcWyuSWnS8t12N1wc105Qtau+/OdUAjtQ0rA=",
        "owner": "numtide",
        "repo": "flake-utils",
        "rev": "5aed5285a952e0b949eb3ba02c12fa4fcfef535f",
        "type": "github"
      },
      "original": {
        "owner": "numtide",
        "repo": "flake-utils",
        "rev": "5aed5285a952e0b949eb3ba02c12fa4fcfef535f",
        "type": "github"
      }
    }
  },
  "root": "root",
  "version": 7
}
